
Microsoft Visual Studio Solution File, Format Version 12.00
# Visual Studio Version 16
VisualStudioVersion = 16.0.31624.102
MinimumVisualStudioVersion = 10.0.40219.1
Project("{FAE04EC0-301F-11D3-BF4B-00C04F79EFBC}") = "A2.Android", "A2\A2.Android\A2.Android.csproj", "{C172C82A-07A5-4AF7-B1CA-68A396A06CB3}"
EndProject
Project("{FAE04EC0-301F-11D3-BF4B-00C04F79EFBC}") = "A2.iOS", "A2\A2.iOS\A2.iOS.csproj", "{FD27AC9F-D8E6-4A58-AD28-9D6CA657BE4A}"
EndProject
Project("{FAE04EC0-301F-11D3-BF4B-00C04F79EFBC}") = "A2", "A2\A2\A2.csproj", "{2083E84B-E8DB-4753-8D72-45D91F0EF743}"
EndProject
Global
	GlobalSection(SolutionConfigurationPlatforms) = preSolution
		Debug|Any CPU = Debug|Any CPU
		Debug|iPhone = Debug|iPhone
		Debug|iPhoneSimulator = Debug|iPhoneSimulator
		Release|Any CPU = Release|Any CPU
		Release|iPhone = Release|iPhone
		Release|iPhoneSimulator = Release|iPhoneSimulator
	EndGlobalSection
	GlobalSection(ProjectConfigurationPlatforms) = postSolution
		{C172C82A-07A5-4AF7-B1CA-68A396A06CB3}.Debug|Any CPU.ActiveCfg = Debug|Any CPU
		{C172C82A-07A5-4AF7-B1CA-68A396A06CB3}.Debug|Any CPU.Build.0 = Debug|Any CPU
		{C172C82A-07A5-4AF7-B1CA-68A396A06CB3}.Debug|Any CPU.Deploy.0 = Debug|Any CPU
		{C172C82A-07A5-4AF7-B1CA-68A396A06CB3}.Debug|iPhone.ActiveCfg = Debug|Any CPU
		{C172C82A-07A5-4AF7-B1CA-68A396A06CB3}.Debug|iPhone.Build.0 = Debug|Any CPU
		{C172C82A-07A5-4AF7-B1CA-68A396A06CB3}.Debug|iPhone.Deploy.0 = Debug|Any CPU
		{C172C82A-07A5-4AF7-B1CA-68A396A06CB3}.Debug|iPhoneSimulator.ActiveCfg = Debug|Any CPU
		{C172C82A-07A5-4AF7-B1CA-68A396A06CB3}.Debug|iPhoneSimulator.Build.0 = Debug|Any CPU
		{C172C82A-07A5-4AF7-B1CA-68A396A06CB3}.Debug|iPhoneSimulator.Deploy.0 = Debug|Any CPU
		{C172C82A-07A5-4AF7-B1CA-68A396A06CB3}.Release|Any CPU.ActiveCfg = Release|Any CPU
		{C172C82A-07A5-4AF7-B1CA-68A396A06CB3}.Release|Any CPU.Build.0 = Release|Any CPU
		{C172C82A-07A5-4AF7-B1CA-68A396A06CB3}.Release|Any CPU.Deploy.0 = Release|Any CPU
		{C172C82A-07A5-4AF7-B1CA-68A396A06CB3}.Release|iPhone.ActiveCfg = Release|Any CPU
		{C172C82A-07A5-4AF7-B1CA-68A396A06CB3}.Release|iPhone.Build.0 = Release|Any CPU
		{C172C82A-07A5-4AF7-B1CA-68A396A06CB3}.Release|iPhone.Deploy.0 = Release|Any CPU
		{C172C82A-07A5-4AF7-B1CA-68A396A06CB3}.Release|iPhoneSimulator.ActiveCfg = Release|Any CPU
		{C172C82A-07A5-4AF7-B1CA-68A396A06CB3}.Release|iPhoneSimulator.Build.0 = Release|Any CPU
		{C172C82A-07A5-4AF7-B1CA-68A396A06CB3}.Release|iPhoneSimulator.Deploy.0 = Release|Any CPU
		{FD27AC9F-D8E6-4A58-AD28-9D6CA657BE4A}.Debug|Any CPU.ActiveCfg = Debug|iPhone
		{FD27AC9F-D8E6-4A58-AD28-9D6CA657BE4A}.Debug|Any CPU.Build.0 = Debug|iPhone
		{FD27AC9F-D8E6-4A58-AD28-9D6CA657BE4A}.Debug|Any CPU.Deploy.0 = Debug|iPhone
		{FD27AC9F-D8E6-4A58-AD28-9D6CA657BE4A}.Debug|iPhone.ActiveCfg = Debug|iPhone
		{FD27AC9F-D8E6-4A58-AD28-9D6CA657BE4A}.Debug|iPhone.Build.0 = Debug|iPhone
		{FD27AC9F-D8E6-4A58-AD28-9D6CA657BE4A}.Debug|iPhone.Deploy.0 = Debug|iPhone
		{FD27AC9F-D8E6-4A58-AD28-9D6CA657BE4A}.Debug|iPhoneSimulator.ActiveCfg = Debug|iPhoneSimulator
		{FD27AC9F-D8E6-4A58-AD28-9D6CA657BE4A}.Debug|iPhoneSimulator.Build.0 = Debug|iPhoneSimulator
		{FD27AC9F-D8E6-4A58-AD28-9D6CA657BE4A}.Debug|iPhoneSimulator.Deploy.0 = Debug|iPhoneSimulator
		{FD27AC9F-D8E6-4A58-AD28-9D6CA657BE4A}.Release|Any CPU.ActiveCfg = Release|iPhoneSimulator
		{FD27AC9F-D8E6-4A58-AD28-9D6CA657BE4A}.Release|Any CPU.Build.0 = Release|iPhoneSimulator
		{FD27AC9F-D8E6-4A58-AD28-9D6CA657BE4A}.Release|Any CPU.Deploy.0 = Release|iPhoneSimulator
		{FD27AC9F-D8E6-4A58-AD28-9D6CA657BE4A}.Release|iPhone.ActiveCfg = Release|iPhone
		{FD27AC9F-D8E6-4A58-AD28-9D6CA657BE4A}.Release|iPhone.Build.0 = Release|iPhone
		{FD27AC9F-D8E6-4A58-AD28-9D6CA657BE4A}.Release|iPhone.Deploy.0 = Release|iPhone
		{FD27AC9F-D8E6-4A58-AD28-9D6CA657BE4A}.Release|iPhoneSimulator.ActiveCfg = Release|iPhoneSimulator
		{FD27AC9F-D8E6-4A58-AD28-9D6CA657BE4A}.Release|iPhoneSimulator.Build.0 = Release|iPhoneSimulator
		{FD27AC9F-D8E6-4A58-AD28-9D6CA657BE4A}.Release|iPhoneSimulator.Deploy.0 = Release|iPhoneSimulator
		{2083E84B-E8DB-4753-8D72-45D91F0EF743}.Debug|Any CPU.ActiveCfg = Debug|Any CPU
		{2083E84B-E8DB-4753-8D72-45D91F0EF743}.Debug|Any CPU.Build.0 = Debug|Any CPU
		{2083E84B-E8DB-4753-8D72-45D91F0EF743}.Debug|Any CPU.Deploy.0 = Debug|Any CPU
		{2083E84B-E8DB-4753-8D72-45D91F0EF743}.Debug|iPhone.ActiveCfg = Debug|Any CPU
		{2083E84B-E8DB-4753-8D72-45D91F0EF743}.Debug|iPhone.Build.0 = Debug|Any CPU
		{2083E84B-E8DB-4753-8D72-45D91F0EF743}.Debug|iPhone.Deploy.0 = Debug|Any CPU
		{2083E84B-E8DB-4753-8D72-45D91F0EF743}.Debug|iPhoneSimulator.ActiveCfg = Debug|Any CPU
		{2083E84B-E8DB-4753-8D72-45D91F0EF743}.Debug|iPhoneSimulator.Build.0 = Debug|Any CPU
		{2083E84B-E8DB-4753-8D72-45D91F0EF743}.Debug|iPhoneSimulator.Deploy.0 = Debug|Any CPU
		{2083E84B-E8DB-4753-8D72-45D91F0EF743}.Release|Any CPU.ActiveCfg = Release|Any CPU
		{2083E84B-E8DB-4753-8D72-45D91F0EF743}.Release|Any CPU.Build.0 = Release|Any CPU
		{2083E84B-E8DB-4753-8D72-45D91F0EF743}.Release|Any CPU.Deploy.0 = Release|Any CPU
		{2083E84B-E8DB-4753-8D72-45D91F0EF743}.Release|iPhone.ActiveCfg = Release|Any CPU
		{2083E84B-E8DB-4753-8D72-45D91F0EF743}.Release|iPhone.Build.0 = Release|Any CPU
		{2083E84B-E8DB-4753-8D72-45D91F0EF743}.Release|iPhone.Deploy.0 = Release|Any CPU
		{2083E84B-E8DB-4753-8D72-45D91F0EF743}.Release|iPhoneSimulator.ActiveCfg = Release|Any CPU
		{2083E84B-E8DB-4753-8D72-45D91F0EF743}.Release|iPhoneSimulator.Build.0 = Release|Any CPU
		{2083E84B-E8DB-4753-8D72-45D91F0EF743}.Release|iPhoneSimulator.Deploy.0 = Release|Any CPU
	EndGlobalSection
	GlobalSection(SolutionProperties) = preSolution
		HideSolutionNode = FALSE
	EndGlobalSection
	GlobalSection(ExtensibilityGlobals) = postSolution
		SolutionGuid = {C3BBC17C-FB30-4413-AE84-7E0CBC525A87}
	EndGlobalSection
EndGlobal
